
Microsoft Visual Studio Solution File, Format Version 12.00
# Visual Studio Version 17
VisualStudioVersion = 17.0.31903.59
MinimumVisualStudioVersion = 10.0.40219.1
Project("{2150E333-8FDC-42A3-9474-1A3956D46DE8}") = "src", "src", "{827E0CD3-B72D-47B6-A68D-7590B98EB39B}"
EndProject
Project("{FAE04EC0-301F-11D3-BF4B-00C04F79EFBC}") = "BcPhoRag.App", "src\BcPhoRag.App\BcPhoRag.App.csproj", "{F3CB04AC-1731-450A-992E-4DA0ACCCCBF7}"
EndProject
Project("{FAE04EC0-301F-11D3-BF4B-00C04F79EFBC}") = "BcPhoRag.Domain", "src\BcPhoRag.Domain\BcPhoRag.Domain.csproj", "{47663978-1C30-4087-A2EF-012FD0E000ED}"
EndProject
Project("{FAE04EC0-301F-11D3-BF4B-00C04F79EFBC}") = "BcPhoRag.DocumentParsing", "src\BcPhoRag.DocumentParsing\BcPhoRag.DocumentParsing.csproj", "{DC812AF6-C943-4D7B-AF4D-30636EE5A8A7}"
EndProject
Project("{FAE04EC0-301F-11D3-BF4B-00C04F79EFBC}") = "BcPhoRag.Chunking", "src\BcPhoRag.Chunking\BcPhoRag.Chunking.csproj", "{85064204-A1A5-4CD7-8D1E-5002DE9741E2}"
EndProject
Project("{FAE04EC0-301F-11D3-BF4B-00C04F79EFBC}") = "BcPhoRag.Embeddings", "src\BcPhoRag.Embeddings\BcPhoRag.Embeddings.csproj", "{9CEF4CBE-44AB-490A-B025-25A6A23F8E5B}"
EndProject
Project("{FAE04EC0-301F-11D3-BF4B-00C04F79EFBC}") = "BcPhoRag.VectorStore", "src\BcPhoRag.VectorStore\BcPhoRag.VectorStore.csproj", "{830D6521-8A2C-4DED-BA3B-C9806983A9EA}"
EndProject
Project("{FAE04EC0-301F-11D3-BF4B-00C04F79EFBC}") = "BcPhoRag.Retrieval", "src\BcPhoRag.Retrieval\BcPhoRag.Retrieval.csproj", "{D8942B96-5FCB-48EB-90A5-991567799A01}"
EndProject
Project("{FAE04EC0-301F-11D3-BF4B-00C04F79EFBC}") = "BcPhoRag.Generation", "src\BcPhoRag.Generation\BcPhoRag.Generation.csproj", "{01792EB5-D8D9-4103-BAB9-8DDDCC6581F6}"
EndProject
Project("{FAE04EC0-301F-11D3-BF4B-00C04F79EFBC}") = "BcPhoRag.Evaluation", "src\BcPhoRag.Evaluation\BcPhoRag.Evaluation.csproj", "{3F0CBEEC-5451-447D-A22A-2B967D4C68B5}"
EndProject
Global
	GlobalSection(SolutionConfigurationPlatforms) = preSolution
		Debug|Any CPU = Debug|Any CPU
		Debug|x64 = Debug|x64
		Debug|x86 = Debug|x86
		Release|Any CPU = Release|Any CPU
		Release|x64 = Release|x64
		Release|x86 = Release|x86
	EndGlobalSection
	GlobalSection(ProjectConfigurationPlatforms) = postSolution
		{F3CB04AC-1731-450A-992E-4DA0ACCCCBF7}.Debug|Any CPU.ActiveCfg = Debug|Any CPU
		{F3CB04AC-1731-450A-992E-4DA0ACCCCBF7}.Debug|Any CPU.Build.0 = Debug|Any CPU
		{F3CB04AC-1731-450A-992E-4DA0ACCCCBF7}.Debug|x64.ActiveCfg = Debug|Any CPU
		{F3CB04AC-1731-450A-992E-4DA0ACCCCBF7}.Debug|x64.Build.0 = Debug|Any CPU
		{F3CB04AC-1731-450A-992E-4DA0ACCCCBF7}.Debug|x86.ActiveCfg = Debug|Any CPU
		{F3CB04AC-1731-450A-992E-4DA0ACCCCBF7}.Debug|x86.Build.0 = Debug|Any CPU
		{F3CB04AC-1731-450A-992E-4DA0ACCCCBF7}.Release|Any CPU.ActiveCfg = Release|Any CPU
		{F3CB04AC-1731-450A-992E-4DA0ACCCCBF7}.Release|Any CPU.Build.0 = Release|Any CPU
		{F3CB04AC-1731-450A-992E-4DA0ACCCCBF7}.Release|x64.ActiveCfg = Release|Any CPU
		{F3CB04AC-1731-450A-992E-4DA0ACCCCBF7}.Release|x64.Build.0 = Release|Any CPU
		{F3CB04AC-1731-450A-992E-4DA0ACCCCBF7}.Release|x86.ActiveCfg = Release|Any CPU
		{F3CB04AC-1731-450A-992E-4DA0ACCCCBF7}.Release|x86.Build.0 = Release|Any CPU
		{47663978-1C30-4087-A2EF-012FD0E000ED}.Debug|Any CPU.ActiveCfg = Debug|Any CPU
		{47663978-1C30-4087-A2EF-012FD0E000ED}.Debug|Any CPU.Build.0 = Debug|Any CPU
		{47663978-1C30-4087-A2EF-012FD0E000ED}.Debug|x64.ActiveCfg = Debug|Any CPU
		{47663978-1C30-4087-A2EF-012FD0E000ED}.Debug|x64.Build.0 = Debug|Any CPU
		{47663978-1C30-4087-A2EF-012FD0E000ED}.Debug|x86.ActiveCfg = Debug|Any CPU
		{47663978-1C30-4087-A2EF-012FD0E000ED}.Debug|x86.Build.0 = Debug|Any CPU
		{47663978-1C30-4087-A2EF-012FD0E000ED}.Release|Any CPU.ActiveCfg = Release|Any CPU
		{47663978-1C30-4087-A2EF-012FD0E000ED}.Release|Any CPU.Build.0 = Release|Any CPU
		{47663978-1C30-4087-A2EF-012FD0E000ED}.Release|x64.ActiveCfg = Release|Any CPU
		{47663978-1C30-4087-A2EF-012FD0E000ED}.Release|x64.Build.0 = Release|Any CPU
		{47663978-1C30-4087-A2EF-012FD0E000ED}.Release|x86.ActiveCfg = Release|Any CPU
		{47663978-1C30-4087-A2EF-012FD0E000ED}.Release|x86.Build.0 = Release|Any CPU
		{DC812AF6-C943-4D7B-AF4D-30636EE5A8A7}.Debug|Any CPU.ActiveCfg = Debug|Any CPU
		{DC812AF6-C943-4D7B-AF4D-30636EE5A8A7}.Debug|Any CPU.Build.0 = Debug|Any CPU
		{DC812AF6-C943-4D7B-AF4D-30636EE5A8A7}.Debug|x64.ActiveCfg = Debug|Any CPU
		{DC812AF6-C943-4D7B-AF4D-30636EE5A8A7}.Debug|x64.Build.0 = Debug|Any CPU
		{DC812AF6-C943-4D7B-AF4D-30636EE5A8A7}.Debug|x86.ActiveCfg = Debug|Any CPU
		{DC812AF6-C943-4D7B-AF4D-30636EE5A8A7}.Debug|x86.Build.0 = Debug|Any CPU
		{DC812AF6-C943-4D7B-AF4D-30636EE5A8A7}.Release|Any CPU.ActiveCfg = Release|Any CPU
		{DC812AF6-C943-4D7B-AF4D-30636EE5A8A7}.Release|Any CPU.Build.0 = Release|Any CPU
		{DC812AF6-C943-4D7B-AF4D-30636EE5A8A7}.Release|x64.ActiveCfg = Release|Any CPU
		{DC812AF6-C943-4D7B-AF4D-30636EE5A8A7}.Release|x64.Build.0 = Release|Any CPU
		{DC812AF6-C943-4D7B-AF4D-30636EE5A8A7}.Release|x86.ActiveCfg = Release|Any CPU
		{DC812AF6-C943-4D7B-AF4D-30636EE5A8A7}.Release|x86.Build.0 = Release|Any CPU
		{85064204-A1A5-4CD7-8D1E-5002DE9741E2}.Debug|Any CPU.ActiveCfg = Debug|Any CPU
		{85064204-A1A5-4CD7-8D1E-5002DE9741E2}.Debug|Any CPU.Build.0 = Debug|Any CPU
		{85064204-A1A5-4CD7-8D1E-5002DE9741E2}.Debug|x64.ActiveCfg = Debug|Any CPU
		{85064204-A1A5-4CD7-8D1E-5002DE9741E2}.Debug|x64.Build.0 = Debug|Any CPU
		{85064204-A1A5-4CD7-8D1E-5002DE9741E2}.Debug|x86.ActiveCfg = Debug|Any CPU
		{85064204-A1A5-4CD7-8D1E-5002DE9741E2}.Debug|x86.Build.0 = Debug|Any CPU
		{85064204-A1A5-4CD7-8D1E-5002DE9741E2}.Release|Any CPU.ActiveCfg = Release|Any CPU
		{85064204-A1A5-4CD7-8D1E-5002DE9741E2}.Release|Any CPU.Build.0 = Release|Any CPU
		{85064204-A1A5-4CD7-8D1E-5002DE9741E2}.Release|x64.ActiveCfg = Release|Any CPU
		{85064204-A1A5-4CD7-8D1E-5002DE9741E2}.Release|x64.Build.0 = Release|Any CPU
		{85064204-A1A5-4CD7-8D1E-5002DE9741E2}.Release|x86.ActiveCfg = Release|Any CPU
		{85064204-A1A5-4CD7-8D1E-5002DE9741E2}.Release|x86.Build.0 = Release|Any CPU
		{9CEF4CBE-44AB-490A-B025-25A6A23F8E5B}.Debug|Any CPU.ActiveCfg = Debug|Any CPU
		{9CEF4CBE-44AB-490A-B025-25A6A23F8E5B}.Debug|Any CPU.Build.0 = Debug|Any CPU
		{9CEF4CBE-44AB-490A-B025-25A6A23F8E5B}.Debug|x64.ActiveCfg = Debug|Any CPU
		{9CEF4CBE-44AB-490A-B025-25A6A23F8E5B}.Debug|x64.Build.0 = Debug|Any CPU
		{9CEF4CBE-44AB-490A-B025-25A6A23F8E5B}.Debug|x86.ActiveCfg = Debug|Any CPU
		{9CEF4CBE-44AB-490A-B025-25A6A23F8E5B}.Debug|x86.Build.0 = Debug|Any CPU
		{9CEF4CBE-44AB-490A-B025-25A6A23F8E5B}.Release|Any CPU.ActiveCfg = Release|Any CPU
		{9CEF4CBE-44AB-490A-B025-25A6A23F8E5B}.Release|Any CPU.Build.0 = Release|Any CPU
		{9CEF4CBE-44AB-490A-B025-25A6A23F8E5B}.Release|x64.ActiveCfg = Release|Any CPU
		{9CEF4CBE-44AB-490A-B025-25A6A23F8E5B}.Release|x64.Build.0 = Release|Any CPU
		{9CEF4CBE-44AB-490A-B025-25A6A23F8E5B}.Release|x86.ActiveCfg = Release|Any CPU
		{9CEF4CBE-44AB-490A-B025-25A6A23F8E5B}.Release|x86.Build.0 = Release|Any CPU
		{830D6521-8A2C-4DED-BA3B-C9806983A9EA}.Debug|Any CPU.ActiveCfg = Debug|Any CPU
		{830D6521-8A2C-4DED-BA3B-C9806983A9EA}.Debug|Any CPU.Build.0 = Debug|Any CPU
		{830D6521-8A2C-4DED-BA3B-C9806983A9EA}.Debug|x64.ActiveCfg = Debug|Any CPU
		{830D6521-8A2C-4DED-BA3B-C9806983A9EA}.Debug|x64.Build.0 = Debug|Any CPU
		{830D6521-8A2C-4DED-BA3B-C9806983A9EA}.Debug|x86.ActiveCfg = Debug|Any CPU
		{830D6521-8A2C-4DED-BA3B-C9806983A9EA}.Debug|x86.Build.0 = Debug|Any CPU
		{830D6521-8A2C-4DED-BA3B-C9806983A9EA}.Release|Any CPU.ActiveCfg = Release|Any CPU
		{830D6521-8A2C-4DED-BA3B-C9806983A9EA}.Release|Any CPU.Build.0 = Release|Any CPU
		{830D6521-8A2C-4DED-BA3B-C9806983A9EA}.Release|x64.ActiveCfg = Release|Any CPU
		{830D6521-8A2C-4DED-BA3B-C9806983A9EA}.Release|x64.Build.0 = Release|Any CPU
		{830D6521-8A2C-4DED-BA3B-C9806983A9EA}.Release|x86.ActiveCfg = Release|Any CPU
		{830D6521-8A2C-4DED-BA3B-C9806983A9EA}.Release|x86.Build.0 = Release|Any CPU
		{D8942B96-5FCB-48EB-90A5-991567799A01}.Debug|Any CPU.ActiveCfg = Debug|Any CPU
		{D8942B96-5FCB-48EB-90A5-991567799A01}.Debug|Any CPU.Build.0 = Debug|Any CPU
		{D8942B96-5FCB-48EB-90A5-991567799A01}.Debug|x64.ActiveCfg = Debug|Any CPU
		{D8942B96-5FCB-48EB-90A5-991567799A01}.Debug|x64.Build.0 = Debug|Any CPU
		{D8942B96-5FCB-48EB-90A5-991567799A01}.Debug|x86.ActiveCfg = Debug|Any CPU
		{D8942B96-5FCB-48EB-90A5-991567799A01}.Debug|x86.Build.0 = Debug|Any CPU
		{D8942B96-5FCB-48EB-90A5-991567799A01}.Release|Any CPU.ActiveCfg = Release|Any CPU
		{D8942B96-5FCB-48EB-90A5-991567799A01}.Release|Any CPU.Build.0 = Release|Any CPU
		{D8942B96-5FCB-48EB-90A5-991567799A01}.Release|x64.ActiveCfg = Release|Any CPU
		{D8942B96-5FCB-48EB-90A5-991567799A01}.Release|x64.Build.0 = Release|Any CPU
		{D8942B96-5FCB-48EB-90A5-991567799A01}.Release|x86.ActiveCfg = Release|Any CPU
		{D8942B96-5FCB-48EB-90A5-991567799A01}.Release|x86.Build.0 = Release|Any CPU
		{01792EB5-D8D9-4103-BAB9-8DDDCC6581F6}.Debug|Any CPU.ActiveCfg = Debug|Any CPU
		{01792EB5-D8D9-4103-BAB9-8DDDCC6581F6}.Debug|Any CPU.Build.0 = Debug|Any CPU
		{01792EB5-D8D9-4103-BAB9-8DDDCC6581F6}.Debug|x64.ActiveCfg = Debug|Any CPU
		{01792EB5-D8D9-4103-BAB9-8DDDCC6581F6}.Debug|x64.Build.0 = Debug|Any CPU
		{01792EB5-D8D9-4103-BAB9-8DDDCC6581F6}.Debug|x86.ActiveCfg = Debug|Any CPU
		{01792EB5-D8D9-4103-BAB9-8DDDCC6581F6}.Debug|x86.Build.0 = Debug|Any CPU
		{01792EB5-D8D9-4103-BAB9-8DDDCC6581F6}.Release|Any CPU.ActiveCfg = Release|Any CPU
		{01792EB5-D8D9-4103-BAB9-8DDDCC6581F6}.Release|Any CPU.Build.0 = Release|Any CPU
		{01792EB5-D8D9-4103-BAB9-8DDDCC6581F6}.Release|x64.ActiveCfg = Release|Any CPU
		{01792EB5-D8D9-4103-BAB9-8DDDCC6581F6}.Release|x64.Build.0 = Release|Any CPU
		{01792EB5-D8D9-4103-BAB9-8DDDCC6581F6}.Release|x86.ActiveCfg = Release|Any CPU
		{01792EB5-D8D9-4103-BAB9-8DDDCC6581F6}.Release|x86.Build.0 = Release|Any CPU
		{3F0CBEEC-5451-447D-A22A-2B967D4C68B5}.Debug|Any CPU.ActiveCfg = Debug|Any CPU
		{3F0CBEEC-5451-447D-A22A-2B967D4C68B5}.Debug|Any CPU.Build.0 = Debug|Any CPU
		{3F0CBEEC-5451-447D-A22A-2B967D4C68B5}.Debug|x64.ActiveCfg = Debug|Any CPU
		{3F0CBEEC-5451-447D-A22A-2B967D4C68B5}.Debug|x64.Build.0 = Debug|Any CPU
		{3F0CBEEC-5451-447D-A22A-2B967D4C68B5}.Debug|x86.ActiveCfg = Debug|Any CPU
		{3F0CBEEC-5451-447D-A22A-2B967D4C68B5}.Debug|x86.Build.0 = Debug|Any CPU
		{3F0CBEEC-5451-447D-A22A-2B967D4C68B5}.Release|Any CPU.ActiveCfg = Release|Any CPU
		{3F0CBEEC-5451-447D-A22A-2B967D4C68B5}.Release|Any CPU.Build.0 = Release|Any CPU
		{3F0CBEEC-5451-447D-A22A-2B967D4C68B5}.Release|x64.ActiveCfg = Release|Any CPU
		{3F0CBEEC-5451-447D-A22A-2B967D4C68B5}.Release|x64.Build.0 = Release|Any CPU
		{3F0CBEEC-5451-447D-A22A-2B967D4C68B5}.Release|x86.ActiveCfg = Release|Any CPU
		{3F0CBEEC-5451-447D-A22A-2B967D4C68B5}.Release|x86.Build.0 = Release|Any CPU
	EndGlobalSection
	GlobalSection(SolutionProperties) = preSolution
		HideSolutionNode = FALSE
	EndGlobalSection
	GlobalSection(NestedProjects) = preSolution
		{F3CB04AC-1731-450A-992E-4DA0ACCCCBF7} = {827E0CD3-B72D-47B6-A68D-7590B98EB39B}
		{47663978-1C30-4087-A2EF-012FD0E000ED} = {827E0CD3-B72D-47B6-A68D-7590B98EB39B}
		{DC812AF6-C943-4D7B-AF4D-30636EE5A8A7} = {827E0CD3-B72D-47B6-A68D-7590B98EB39B}
		{85064204-A1A5-4CD7-8D1E-5002DE9741E2} = {827E0CD3-B72D-47B6-A68D-7590B98EB39B}
		{9CEF4CBE-44AB-490A-B025-25A6A23F8E5B} = {827E0CD3-B72D-47B6-A68D-7590B98EB39B}
		{830D6521-8A2C-4DED-BA3B-C9806983A9EA} = {827E0CD3-B72D-47B6-A68D-7590B98EB39B}
		{D8942B96-5FCB-48EB-90A5-991567799A01} = {827E0CD3-B72D-47B6-A68D-7590B98EB39B}
		{01792EB5-D8D9-4103-BAB9-8DDDCC6581F6} = {827E0CD3-B72D-47B6-A68D-7590B98EB39B}
		{3F0CBEEC-5451-447D-A22A-2B967D4C68B5} = {827E0CD3-B72D-47B6-A68D-7590B98EB39B}
	EndGlobalSection
EndGlobal
